
Microsoft Visual Studio Solution File, Format Version 12.00
# Visual Studio Version 16
VisualStudioVersion = 16.0.32510.428
MinimumVisualStudioVersion = 10.0.40219.1
Project("{8BC9CEB8-8B4A-11D0-8D11-00A0C91BC942}") = "laba43", "laba43\laba43.vcxproj", "{0B2AD63D-E4AF-414A-955B-9F05EA04415D}"
EndProject
Global
	GlobalSection(SolutionConfigurationPlatforms) = preSolution
		Debug|x64 = Debug|x64
		Debug|x86 = Debug|x86
		Release|x64 = Release|x64
		Release|x86 = Release|x86
	EndGlobalSection
	GlobalSection(ProjectConfigurationPlatforms) = postSolution
		{0B2AD63D-E4AF-414A-955B-9F05EA04415D}.Debug|x64.ActiveCfg = Debug|x64
		{0B2AD63D-E4AF-414A-955B-9F05EA04415D}.Debug|x64.Build.0 = Debug|x64
		{0B2AD63D-E4AF-414A-955B-9F05EA04415D}.Debug|x86.ActiveCfg = Debug|Win32
		{0B2AD63D-E4AF-414A-955B-9F05EA04415D}.Debug|x86.Build.0 = Debug|Win32
		{0B2AD63D-E4AF-414A-955B-9F05EA04415D}.Release|x64.ActiveCfg = Release|x64
		{0B2AD63D-E4AF-414A-955B-9F05EA04415D}.Release|x64.Build.0 = Release|x64
		{0B2AD63D-E4AF-414A-955B-9F05EA04415D}.Release|x86.ActiveCfg = Release|Win32
		{0B2AD63D-E4AF-414A-955B-9F05EA04415D}.Release|x86.Build.0 = Release|Win32
	EndGlobalSection
	GlobalSection(SolutionProperties) = preSolution
		HideSolutionNode = FALSE
	EndGlobalSection
	GlobalSection(ExtensibilityGlobals) = postSolution
		SolutionGuid = {AF4936EF-402D-416A-8949-F2D4BCD09C3C}
	EndGlobalSection
EndGlobal
